
Microsoft Visual Studio Solution File, Format Version 12.00
# Visual Studio 15
VisualStudioVersion = 15.0.26124.0
MinimumVisualStudioVersion = 15.0.26124.0
Project("{9A19103F-16F7-4668-BE54-9A1E7A4F7556}") = "responsibilityPattern", "startingTestconsoleApp\responsibilityPattern\responsibilityPattern.csproj", "{7833A507-9D7C-416A-9833-FA771B2E96B6}"
EndProject
Project("{9A19103F-16F7-4668-BE54-9A1E7A4F7556}") = "starting-guy", "starting-guy\starting-guy.csproj", "{77267099-BDD7-4D2E-AA24-5C644FD9E8E6}"
EndProject
Project("{9A19103F-16F7-4668-BE54-9A1E7A4F7556}") = "xUnitResponsabilityPattern", "xUnitResponsabilityPattern\xUnitResponsabilityPattern.csproj", "{71DFB1F8-0865-4DC4-82D3-79EA67238B70}"
EndProject
Project("{FAE04EC0-301F-11D3-BF4B-00C04F79EFBC}") = "chainOfResponsibility.specs", "chainOfResponsibility.specs\chainOfResponsibility.specs.csproj", "{DBFE0B67-571E-44C3-A0B1-C95C4D85CE5B}"
EndProject
Project("{FAE04EC0-301F-11D3-BF4B-00C04F79EFBC}") = "EFbusinessCore", "business-project\EFbusinessCore\EFbusinessCore.csproj", "{935AC959-398F-4624-859A-BE4CA794314B}"
EndProject
Global
	GlobalSection(SolutionConfigurationPlatforms) = preSolution
		Debug|Any CPU = Debug|Any CPU
		Debug|x64 = Debug|x64
		Debug|x86 = Debug|x86
		Release|Any CPU = Release|Any CPU
		Release|x64 = Release|x64
		Release|x86 = Release|x86
	EndGlobalSection
	GlobalSection(ProjectConfigurationPlatforms) = postSolution
		{7833A507-9D7C-416A-9833-FA771B2E96B6}.Debug|Any CPU.ActiveCfg = Debug|Any CPU
		{7833A507-9D7C-416A-9833-FA771B2E96B6}.Debug|Any CPU.Build.0 = Debug|Any CPU
		{7833A507-9D7C-416A-9833-FA771B2E96B6}.Debug|x64.ActiveCfg = Debug|Any CPU
		{7833A507-9D7C-416A-9833-FA771B2E96B6}.Debug|x64.Build.0 = Debug|Any CPU
		{7833A507-9D7C-416A-9833-FA771B2E96B6}.Debug|x86.ActiveCfg = Debug|Any CPU
		{7833A507-9D7C-416A-9833-FA771B2E96B6}.Debug|x86.Build.0 = Debug|Any CPU
		{7833A507-9D7C-416A-9833-FA771B2E96B6}.Release|Any CPU.ActiveCfg = Release|Any CPU
		{7833A507-9D7C-416A-9833-FA771B2E96B6}.Release|Any CPU.Build.0 = Release|Any CPU
		{7833A507-9D7C-416A-9833-FA771B2E96B6}.Release|x64.ActiveCfg = Release|Any CPU
		{7833A507-9D7C-416A-9833-FA771B2E96B6}.Release|x64.Build.0 = Release|Any CPU
		{7833A507-9D7C-416A-9833-FA771B2E96B6}.Release|x86.ActiveCfg = Release|Any CPU
		{7833A507-9D7C-416A-9833-FA771B2E96B6}.Release|x86.Build.0 = Release|Any CPU
		{77267099-BDD7-4D2E-AA24-5C644FD9E8E6}.Debug|Any CPU.ActiveCfg = Debug|Any CPU
		{77267099-BDD7-4D2E-AA24-5C644FD9E8E6}.Debug|Any CPU.Build.0 = Debug|Any CPU
		{77267099-BDD7-4D2E-AA24-5C644FD9E8E6}.Debug|x64.ActiveCfg = Debug|Any CPU
		{77267099-BDD7-4D2E-AA24-5C644FD9E8E6}.Debug|x64.Build.0 = Debug|Any CPU
		{77267099-BDD7-4D2E-AA24-5C644FD9E8E6}.Debug|x86.ActiveCfg = Debug|Any CPU
		{77267099-BDD7-4D2E-AA24-5C644FD9E8E6}.Debug|x86.Build.0 = Debug|Any CPU
		{77267099-BDD7-4D2E-AA24-5C644FD9E8E6}.Release|Any CPU.ActiveCfg = Release|Any CPU
		{77267099-BDD7-4D2E-AA24-5C644FD9E8E6}.Release|Any CPU.Build.0 = Release|Any CPU
		{77267099-BDD7-4D2E-AA24-5C644FD9E8E6}.Release|x64.ActiveCfg = Release|Any CPU
		{77267099-BDD7-4D2E-AA24-5C644FD9E8E6}.Release|x64.Build.0 = Release|Any CPU
		{77267099-BDD7-4D2E-AA24-5C644FD9E8E6}.Release|x86.ActiveCfg = Release|Any CPU
		{77267099-BDD7-4D2E-AA24-5C644FD9E8E6}.Release|x86.Build.0 = Release|Any CPU
		{71DFB1F8-0865-4DC4-82D3-79EA67238B70}.Debug|Any CPU.ActiveCfg = Debug|Any CPU
		{71DFB1F8-0865-4DC4-82D3-79EA67238B70}.Debug|Any CPU.Build.0 = Debug|Any CPU
		{71DFB1F8-0865-4DC4-82D3-79EA67238B70}.Debug|x64.ActiveCfg = Debug|Any CPU
		{71DFB1F8-0865-4DC4-82D3-79EA67238B70}.Debug|x64.Build.0 = Debug|Any CPU
		{71DFB1F8-0865-4DC4-82D3-79EA67238B70}.Debug|x86.ActiveCfg = Debug|Any CPU
		{71DFB1F8-0865-4DC4-82D3-79EA67238B70}.Debug|x86.Build.0 = Debug|Any CPU
		{71DFB1F8-0865-4DC4-82D3-79EA67238B70}.Release|Any CPU.ActiveCfg = Release|Any CPU
		{71DFB1F8-0865-4DC4-82D3-79EA67238B70}.Release|Any CPU.Build.0 = Release|Any CPU
		{71DFB1F8-0865-4DC4-82D3-79EA67238B70}.Release|x64.ActiveCfg = Release|Any CPU
		{71DFB1F8-0865-4DC4-82D3-79EA67238B70}.Release|x64.Build.0 = Release|Any CPU
		{71DFB1F8-0865-4DC4-82D3-79EA67238B70}.Release|x86.ActiveCfg = Release|Any CPU
		{71DFB1F8-0865-4DC4-82D3-79EA67238B70}.Release|x86.Build.0 = Release|Any CPU
		{DBFE0B67-571E-44C3-A0B1-C95C4D85CE5B}.Debug|Any CPU.ActiveCfg = Debug|Any CPU
		{DBFE0B67-571E-44C3-A0B1-C95C4D85CE5B}.Debug|Any CPU.Build.0 = Debug|Any CPU
		{DBFE0B67-571E-44C3-A0B1-C95C4D85CE5B}.Debug|x64.ActiveCfg = Debug|Any CPU
		{DBFE0B67-571E-44C3-A0B1-C95C4D85CE5B}.Debug|x64.Build.0 = Debug|Any CPU
		{DBFE0B67-571E-44C3-A0B1-C95C4D85CE5B}.Debug|x86.ActiveCfg = Debug|Any CPU
		{DBFE0B67-571E-44C3-A0B1-C95C4D85CE5B}.Debug|x86.Build.0 = Debug|Any CPU
		{DBFE0B67-571E-44C3-A0B1-C95C4D85CE5B}.Release|Any CPU.ActiveCfg = Release|Any CPU
		{DBFE0B67-571E-44C3-A0B1-C95C4D85CE5B}.Release|Any CPU.Build.0 = Release|Any CPU
		{DBFE0B67-571E-44C3-A0B1-C95C4D85CE5B}.Release|x64.ActiveCfg = Release|Any CPU
		{DBFE0B67-571E-44C3-A0B1-C95C4D85CE5B}.Release|x64.Build.0 = Release|Any CPU
		{DBFE0B67-571E-44C3-A0B1-C95C4D85CE5B}.Release|x86.ActiveCfg = Release|Any CPU
		{DBFE0B67-571E-44C3-A0B1-C95C4D85CE5B}.Release|x86.Build.0 = Release|Any CPU
		{935AC959-398F-4624-859A-BE4CA794314B}.Debug|Any CPU.ActiveCfg = Debug|Any CPU
		{935AC959-398F-4624-859A-BE4CA794314B}.Debug|Any CPU.Build.0 = Debug|Any CPU
		{935AC959-398F-4624-859A-BE4CA794314B}.Debug|x64.ActiveCfg = Debug|Any CPU
		{935AC959-398F-4624-859A-BE4CA794314B}.Debug|x64.Build.0 = Debug|Any CPU
		{935AC959-398F-4624-859A-BE4CA794314B}.Debug|x86.ActiveCfg = Debug|Any CPU
		{935AC959-398F-4624-859A-BE4CA794314B}.Debug|x86.Build.0 = Debug|Any CPU
		{935AC959-398F-4624-859A-BE4CA794314B}.Release|Any CPU.ActiveCfg = Release|Any CPU
		{935AC959-398F-4624-859A-BE4CA794314B}.Release|Any CPU.Build.0 = Release|Any CPU
		{935AC959-398F-4624-859A-BE4CA794314B}.Release|x64.ActiveCfg = Release|Any CPU
		{935AC959-398F-4624-859A-BE4CA794314B}.Release|x64.Build.0 = Release|Any CPU
		{935AC959-398F-4624-859A-BE4CA794314B}.Release|x86.ActiveCfg = Release|Any CPU
		{935AC959-398F-4624-859A-BE4CA794314B}.Release|x86.Build.0 = Release|Any CPU
	EndGlobalSection
	GlobalSection(SolutionProperties) = preSolution
		HideSolutionNode = FALSE
	EndGlobalSection
	GlobalSection(ExtensibilityGlobals) = postSolution
		SolutionGuid = {D4A1A57B-3043-48A4-B3E4-69FE7426D426}
	EndGlobalSection
EndGlobal
